// !$*UTF8*$!
{
	archiveVersion = 1;
	classes = {
	};
	objectVersion = 46;
	objects = {

/* Begin PBXBuildFile section */
		0542BF6343F4B8AEDAA4F7FE /* libPods-GDFileManager.a in Frameworks */ = {isa = PBXBuildFile; fileRef = 133FEF9E7E0EEA4F37D6B66E /* libPods-GDFileManager.a */; };
		CFC6871D1DD2028B003F65A2 /* main.m in Sources */ = {isa = PBXBuildFile; fileRef = CFC6871C1DD2028B003F65A2 /* main.m */; };
		CFC687201DD2028B003F65A2 /* AppDelegate.m in Sources */ = {isa = PBXBuildFile; fileRef = CFC6871F1DD2028B003F65A2 /* AppDelegate.m */; };
		CFC687231DD2028B003F65A2 /* ViewController.m in Sources */ = {isa = PBXBuildFile; fileRef = CFC687221DD2028B003F65A2 /* ViewController.m */; };
		CFC687261DD2028B003F65A2 /* Main.storyboard in Resources */ = {isa = PBXBuildFile; fileRef = CFC687241DD2028B003F65A2 /* Main.storyboard */; };
		CFC687291DD2028B003F65A2 /* GDFileManager.xcdatamodeld in Sources */ = {isa = PBXBuildFile; fileRef = CFC687271DD2028B003F65A2 /* GDFileManager.xcdatamodeld */; };
		CFC6872B1DD2028B003F65A2 /* Assets.xcassets in Resources */ = {isa = PBXBuildFile; fileRef = CFC6872A1DD2028B003F65A2 /* Assets.xcassets */; };
		CFC6872E1DD2028B003F65A2 /* LaunchScreen.storyboard in Resources */ = {isa = PBXBuildFile; fileRef = CFC6872C1DD2028B003F65A2 /* LaunchScreen.storyboard */; };
/* End PBXBuildFile section */

/* Begin PBXFileReference section */
		133FEF9E7E0EEA4F37D6B66E /* libPods-GDFileManager.a */ = {isa = PBXFileReference; explicitFileType = archive.ar; includeInIndex = 0; path = "libPods-GDFileManager.a"; sourceTree = BUILT_PRODUCTS_DIR; };
		38657E63CB132ECA4B76EDE0 /* Pods-GDFileManager.debug.xcconfig */ = {isa = PBXFileReference; includeInIndex = 1; lastKnownFileType = text.xcconfig; name = "Pods-GDFileManager.debug.xcconfig"; path = "Pods/Target Support Files/Pods-GDFileManager/Pods-GDFileManager.debug.xcconfig"; sourceTree = "<group>"; };
		6733462ACDB268925879E649 /* Pods-GDFileManager.release.xcconfig */ = {isa = PBXFileReference; includeInIndex = 1; lastKnownFileType = text.xcconfig; name = "Pods-GDFileManager.release.xcconfig"; path = "Pods/Target Support Files/Pods-GDFileManager/Pods-GDFileManager.release.xcconfig"; sourceTree = "<group>"; };
		CFC687181DD2028B003F65A2 /* GDFileManager.app */ = {isa = PBXFileReference; explicitFileType = wrapper.application; includeInIndex = 0; path = GDFileManager.app; sourceTree = BUILT_PRODUCTS_DIR; };
		CFC6871C1DD2028B003F65A2 /* main.m */ = {isa = PBXFileReference; lastKnownFileType = sourcecode.c.objc; path = main.m; sourceTree = "<group>"; };
		CFC6871E1DD2028B003F65A2 /* AppDelegate.h */ = {isa = PBXFileReference; lastKnownFileType = sourcecode.c.h; path = AppDelegate.h; sourceTree = "<group>"; };
		CFC6871F1DD2028B003F65A2 /* AppDelegate.m */ = {isa = PBXFileReference; lastKnownFileType = sourcecode.c.objc; path = AppDelegate.m; sourceTree = "<group>"; };
		CFC687211DD2028B003F65A2 /* ViewController.h */ = {isa = PBXFileReference; lastKnownFileType = sourcecode.c.h; path = ViewController.h; sourceTree = "<group>"; };
		CFC687221DD2028B003F65A2 /* ViewController.m */ = {isa = PBXFileReference; lastKnownFileType = sourcecode.c.objc; path = ViewController.m; sourceTree = "<group>"; };
		CFC687251DD2028B003F65A2 /* Base */ = {isa = PBXFileReference; lastKnownFileType = file.storyboard; name = Base; path = Base.lproj/Main.storyboard; sourceTree = "<group>"; };
		CFC687281DD2028B003F65A2 /* GDFileManager.xcdatamodel */ = {isa = PBXFileReference; lastKnownFileType = wrapper.xcdatamodel; path = GDFileManager.xcdatamodel; sourceTree = "<group>"; };
		CFC6872A1DD2028B003F65A2 /* Assets.xcassets */ = {isa = PBXFileReference; lastKnownFileType = folder.assetcatalog; path = Assets.xcassets; sourceTree = "<group>"; };
		CFC6872D1DD2028B003F65A2 /* Base */ = {isa = PBXFileReference; lastKnownFileType = file.storyboard; name = Base; path = Base.lproj/LaunchScreen.storyboard; sourceTree = "<group>"; };
		CFC6872F1DD2028B003F65A2 /* Info.plist */ = {isa = PBXFileReference; lastKnownFileType = text.plist.xml; path = Info.plist; sourceTree = "<group>"; };
		CFC687381DD2028B003F65A2 /* GDFileManagerTests.m */ = {isa = PBXFileReference; lastKnownFileType = sourcecode.c.objc; path = GDFileManagerTests.m; sourceTree = "<group>"; };
		CFC6873A1DD2028B003F65A2 /* Info.plist */ = {isa = PBXFileReference; lastKnownFileType = text.plist.xml; path = Info.plist; sourceTree = "<group>"; };
		CFC687431DD2028B003F65A2 /* GDFileManagerUITests.m */ = {isa = PBXFileReference; lastKnownFileType = sourcecode.c.objc; path = GDFileManagerUITests.m; sourceTree = "<group>"; };
		CFC687451DD2028B003F65A2 /* Info.plist */ = {isa = PBXFileReference; lastKnownFileType = text.plist.xml; path = Info.plist; sourceTree = "<group>"; };
/* End PBXFileReference section */

/* Begin PBXFrameworksBuildPhase section */
		CFC687151DD2028B003F65A2 /* Frameworks */ = {
			isa = PBXFrameworksBuildPhase;
			buildActionMask = 2147483647;
			files = (
				0542BF6343F4B8AEDAA4F7FE /* libPods-GDFileManager.a in Frameworks */,
			);
			runOnlyForDeploymentPostprocessing = 0;
		};
/* End PBXFrameworksBuildPhase section */

/* Begin PBXGroup section */
		0C02D51EC36F425844553A00 /* Pods */ = {
			isa = PBXGroup;
			children = (
				38657E63CB132ECA4B76EDE0 /* Pods-GDFileManager.debug.xcconfig */,
				6733462ACDB268925879E649 /* Pods-GDFileManager.release.xcconfig */,
			);
			name = Pods;
			sourceTree = "<group>";
		};
		5F19E922B2481654FCFF8D76 /* Frameworks */ = {
			isa = PBXGroup;
			children = (
				133FEF9E7E0EEA4F37D6B66E /* libPods-GDFileManager.a */,
			);
			name = Frameworks;
			sourceTree = "<group>";
		};
		CFC6870F1DD2028A003F65A2 = {
			isa = PBXGroup;
			children = (
				CFC6871A1DD2028B003F65A2 /* GDFileManager */,
				CFC687371DD2028B003F65A2 /* GDFileManagerTests */,
				CFC687421DD2028B003F65A2 /* GDFileManagerUITests */,
				CFC687191DD2028B003F65A2 /* Products */,
				0C02D51EC36F425844553A00 /* Pods */,
				5F19E922B2481654FCFF8D76 /* Frameworks */,
			);
			sourceTree = "<group>";
		};
		CFC687191DD2028B003F65A2 /* Products */ = {
			isa = PBXGroup;
			children = (
				CFC687181DD2028B003F65A2 /* GDFileManager.app */,
			);
			name = Products;
			sourceTree = "<group>";
		};
		CFC6871A1DD2028B003F65A2 /* GDFileManager */ = {
			isa = PBXGroup;
			children = (
				CFC6871E1DD2028B003F65A2 /* AppDelegate.h */,
				CFC6871F1DD2028B003F65A2 /* AppDelegate.m */,
				CFC687211DD2028B003F65A2 /* ViewController.h */,
				CFC687221DD2028B003F65A2 /* ViewController.m */,
				CFC687241DD2028B003F65A2 /* Main.storyboard */,
				CFC6872A1DD2028B003F65A2 /* Assets.xcassets */,
				CFC6872C1DD2028B003F65A2 /* LaunchScreen.storyboard */,
				CFC6872F1DD2028B003F65A2 /* Info.plist */,
				CFC687271DD2028B003F65A2 /* GDFileManager.xcdatamodeld */,
				CFC6871B1DD2028B003F65A2 /* Supporting Files */,
			);
			path = GDFileManager;
			sourceTree = "<group>";
		};
		CFC6871B1DD2028B003F65A2 /* Supporting Files */ = {
			isa = PBXGroup;
			children = (
				CFC6871C1DD2028B003F65A2 /* main.m */,
			);
			name = "Supporting Files";
			sourceTree = "<group>";
		};
		CFC687371DD2028B003F65A2 /* GDFileManagerTests */ = {
			isa = PBXGroup;
			children = (
				CFC687381DD2028B003F65A2 /* GDFileManagerTests.m */,
				CFC6873A1DD2028B003F65A2 /* Info.plist */,
			);
			path = GDFileManagerTests;
			sourceTree = "<group>";
		};
		CFC687421DD2028B003F65A2 /* GDFileManagerUITests */ = {
			isa = PBXGroup;
			children = (
				CFC687431DD2028B003F65A2 /* GDFileManagerUITests.m */,
				CFC687451DD2028B003F65A2 /* Info.plist */,
			);
			path = GDFileManagerUITests;
			sourceTree = "<group>";
		};
/* End PBXGroup section */

/* Begin PBXNativeTarget section */
		CFC687171DD2028B003F65A2 /* GDFileManager */ = {
			isa = PBXNativeTarget;
			buildConfigurationList = CFC687481DD2028B003F65A2 /* Build configuration list for PBXNativeTarget "GDFileManager" */;
			buildPhases = (
				E31FD2F2E68C2926C1C6F31D /* Check Pods Manifest.lock */,
				CFC687141DD2028B003F65A2 /* Sources */,
				CFC687151DD2028B003F65A2 /* Frameworks */,
				CFC687161DD2028B003F65A2 /* Resources */,
				FB8C59778256722C8BF9496A /* Copy Pods Resources */,
			);
			buildRules = (
			);
			dependencies = (
			);
			name = GDFileManager;
			productName = GDFileManager;
			productReference = CFC687181DD2028B003F65A2 /* GDFileManager.app */;
			productType = "com.apple.product-type.application";
		};
/* End PBXNativeTarget section */

/* Begin PBXProject section */
		CFC687101DD2028A003F65A2 /* Project object */ = {
			isa = PBXProject;
			attributes = {
				LastUpgradeCheck = 0800;
				ORGANIZATIONNAME = "Prosenjit Goswami";
				TargetAttributes = {
					CFC687171DD2028B003F65A2 = {
						CreatedOnToolsVersion = 8.0;
						ProvisioningStyle = Automatic;
					};
				};
			};
			buildConfigurationList = CFC687131DD2028A003F65A2 /* Build configuration list for PBXProject "GDFileManager" */;
			compatibilityVersion = "Xcode 3.2";
			developmentRegion = English;
			hasScannedForEncodings = 0;
			knownRegions = (
				en,
				Base,
			);
			mainGroup = CFC6870F1DD2028A003F65A2;
			productRefGroup = CFC687191DD2028B003F65A2 /* Products */;
			projectDirPath = "";
			projectRoot = "";
			targets = (
				CFC687171DD2028B003F65A2 /* GDFileManager */,
			);
		};
/* End PBXProject section */

/* Begin PBXResourcesBuildPhase section */
		CFC687161DD2028B003F65A2 /* Resources */ = {
			isa = PBXResourcesBuildPhase;
			buildActionMask = 2147483647;
			files = (
				CFC6872E1DD2028B003F65A2 /* LaunchScreen.storyboard in Resources */,
				CFC6872B1DD2028B003F65A2 /* Assets.xcassets in Resources */,
				CFC687261DD2028B003F65A2 /* Main.storyboard in Resources */,
			);
			runOnlyForDeploymentPostprocessing = 0;
		};
/* End PBXResourcesBuildPhase section */

/* Begin PBXShellScriptBuildPhase section */
		E31FD2F2E68C2926C1C6F31D /* Check Pods Manifest.lock */ = {
			isa = PBXShellScriptBuildPhase;
			buildActionMask = 2147483647;
			files = (
			);
			inputPaths = (
			);
			name = "Check Pods Manifest.lock";
			outputPaths = (
			);
			runOnlyForDeploymentPostprocessing = 0;
			shellPath = /bin/sh;
			shellScript = "diff \"${PODS_ROOT}/../Podfile.lock\" \"${PODS_ROOT}/Manifest.lock\" > /dev/null\nif [[ $? != 0 ]] ; then\n    cat << EOM\nerror: The sandbox is not in sync with the Podfile.lock. Run 'pod install' or update your CocoaPods installation.\nEOM\n    exit 1\nfi\n";
			showEnvVarsInLog = 0;
		};
		FB8C59778256722C8BF9496A /* Copy Pods Resources */ = {
			isa = PBXShellScriptBuildPhase;
			buildActionMask = 2147483647;
			files = (
			);
			inputPaths = (
			);
			name = "Copy Pods Resources";
			outputPaths = (
			);
			runOnlyForDeploymentPostprocessing = 0;
			shellPath = /bin/sh;
			shellScript = "\"${SRCROOT}/Pods/Target Support Files/Pods-GDFileManager/Pods-GDFileManager-resources.sh\"\n";
			showEnvVarsInLog = 0;
		};
/* End PBXShellScriptBuildPhase section */

/* Begin PBXSourcesBuildPhase section */
		CFC687141DD2028B003F65A2 /* Sources */ = {
			isa = PBXSourcesBuildPhase;
			buildActionMask = 2147483647;
			files = (
				CFC687291DD2028B003F65A2 /* GDFileManager.xcdatamodeld in Sources */,
				CFC687231DD2028B003F65A2 /* ViewController.m in Sources */,
				CFC687201DD2028B003F65A2 /* AppDelegate.m in Sources */,
				CFC6871D1DD2028B003F65A2 /* main.m in Sources */,
			);
			runOnlyForDeploymentPostprocessing = 0;
		};
/* End PBXSourcesBuildPhase section */

/* Begin PBXVariantGroup section */
		CFC687241DD2028B003F65A2 /* Main.storyboard */ = {
			isa = PBXVariantGroup;
			children = (
				CFC687251DD2028B003F65A2 /* Base */,
			);
			name = Main.storyboard;
			sourceTree = "<group>";
		};
		CFC6872C1DD2028B003F65A2 /* LaunchScreen.storyboard */ = {
			isa = PBXVariantGroup;
			children = (
				CFC6872D1DD2028B003F65A2 /* Base */,
			);
			name = LaunchScreen.storyboard;
			sourceTree = "<group>";
		};
/* End PBXVariantGroup section */

/* Begin XCBuildConfiguration section */
		CFC687461DD2028B003F65A2 /* Debug */ = {
			isa = XCBuildConfiguration;
			buildSettings = {
				ALWAYS_SEARCH_USER_PATHS = NO;
				CLANG_ANALYZER_NONNULL = YES;
				CLANG_CXX_LANGUAGE_STANDARD = "gnu++0x";
				CLANG_CXX_LIBRARY = "libc++";
				CLANG_ENABLE_MODULES = YES;
				CLANG_ENABLE_OBJC_ARC = YES;
				CLANG_WARN_BOOL_CONVERSION = YES;
				CLANG_WARN_CONSTANT_CONVERSION = YES;
				CLANG_WARN_DIRECT_OBJC_ISA_USAGE = YES_ERROR;
				CLANG_WARN_DOCUMENTATION_COMMENTS = YES;
				CLANG_WARN_EMPTY_BODY = YES;
				CLANG_WARN_ENUM_CONVERSION = YES;
				CLANG_WARN_INFINITE_RECURSION = YES;
				CLANG_WARN_INT_CONVERSION = YES;
				CLANG_WARN_OBJC_ROOT_CLASS = YES_ERROR;
				CLANG_WARN_SUSPICIOUS_MOVES = YES;
				CLANG_WARN_UNREACHABLE_CODE = YES;
				CLANG_WARN__DUPLICATE_METHOD_MATCH = YES;
				"CODE_SIGN_IDENTITY[sdk=iphoneos*]" = "iPhone Developer";
				COPY_PHASE_STRIP = NO;
				DEBUG_INFORMATION_FORMAT = dwarf;
				ENABLE_STRICT_OBJC_MSGSEND = NO;
				ENABLE_TESTABILITY = YES;
				GCC_C_LANGUAGE_STANDARD = gnu99;
				GCC_DYNAMIC_NO_PIC = NO;
				GCC_NO_COMMON_BLOCKS = YES;
				GCC_OPTIMIZATION_LEVEL = 0;
				GCC_PREPROCESSOR_DEFINITIONS = (
					"DEBUG=1",
					"$(inherited)",
				);
				GCC_WARN_64_TO_32_BIT_CONVERSION = YES;
				GCC_WARN_ABOUT_RETURN_TYPE = YES_ERROR;
				GCC_WARN_UNDECLARED_SELECTOR = YES;
				GCC_WARN_UNINITIALIZED_AUTOS = YES_AGGRESSIVE;
				GCC_WARN_UNUSED_FUNCTION = YES;
				GCC_WARN_UNUSED_VARIABLE = YES;
				IPHONEOS_DEPLOYMENT_TARGET = 10.0;
				MTL_ENABLE_DEBUG_INFO = YES;
				ONLY_ACTIVE_ARCH = YES;
				SDKROOT = iphoneos;
			};
			name = Debug;
		};
		CFC687471DD2028B003F65A2 /* Release */ = {
			isa = XCBuildConfiguration;
			buildSettings = {
				ALWAYS_SEARCH_USER_PATHS = NO;
				CLANG_ANALYZER_NONNULL = YES;
				CLANG_CXX_LANGUAGE_STANDARD = "gnu++0x";
				CLANG_CXX_LIBRARY = "libc++";
				CLANG_ENABLE_MODULES = YES;
				CLANG_ENABLE_OBJC_ARC = YES;
				CLANG_WARN_BOOL_CONVERSION = YES;
				CLANG_WARN_CONSTANT_CONVERSION = YES;
				CLANG_WARN_DIRECT_OBJC_ISA_USAGE = YES_ERROR;
				CLANG_WARN_DOCUMENTATION_COMMENTS = YES;
				CLANG_WARN_EMPTY_BODY = YES;
				CLANG_WARN_ENUM_CONVERSION = YES;
				CLANG_WARN_INFINITE_RECURSION = YES;
				CLANG_WARN_INT_CONVERSION = YES;
				CLANG_WARN_OBJC_ROOT_CLASS = YES_ERROR;
				CLANG_WARN_SUSPICIOUS_MOVES = YES;
				CLANG_WARN_UNREACHABLE_CODE = YES;
				CLANG_WARN__DUPLICATE_METHOD_MATCH = YES;
				"CODE_SIGN_IDENTITY[sdk=iphoneos*]" = "iPhone Developer";
				COPY_PHASE_STRIP = NO;
				DEBUG_INFORMATION_FORMAT = "dwarf-with-dsym";
				ENABLE_NS_ASSERTIONS = NO;
				ENABLE_STRICT_OBJC_MSGSEND = NO;
				GCC_C_LANGUAGE_STANDARD = gnu99;
				GCC_NO_COMMON_BLOCKS = YES;
				GCC_WARN_64_TO_32_BIT_CONVERSION = YES;
				GCC_WARN_ABOUT_RETURN_TYPE = YES_ERROR;
				GCC_WARN_UNDECLARED_SELECTOR = YES;
				GCC_WARN_UNINITIALIZED_AUTOS = YES_AGGRESSIVE;
				GCC_WARN_UNUSED_FUNCTION = YES;
				GCC_WARN_UNUSED_VARIABLE = YES;
				IPHONEOS_DEPLOYMENT_TARGET = 10.0;
				MTL_ENABLE_DEBUG_INFO = NO;
				SDKROOT = iphoneos;
				VALIDATE_PRODUCT = YES;
			};
			name = Release;
		};
		CFC687491DD2028B003F65A2 /* Debug */ = {
			isa = XCBuildConfiguration;
			baseConfigurationReference = 38657E63CB132ECA4B76EDE0 /* Pods-GDFileManager.debug.xcconfig */;
			buildSettings = {
				ASSETCATALOG_COMPILER_APPICON_NAME = AppIcon;
				ENABLE_STRICT_OBJC_MSGSEND = NO;
				INFOPLIST_FILE = GDFileManager/Info.plist;
				LD_RUNPATH_SEARCH_PATHS = "$(inherited) @executable_path/Frameworks";
				PRODUCT_BUNDLE_IDENTIFIER = PG.GDFileManager;
				PRODUCT_NAME = "$(TARGET_NAME)";
			};
			name = Debug;
		};
		CFC6874A1DD2028B003F65A2 /* Release */ = {
			isa = XCBuildConfiguration;
			baseConfigurationReference = 6733462ACDB268925879E649 /* Pods-GDFileManager.release.xcconfig */;
			buildSettings = {
				ASSETCATALOG_COMPILER_APPICON_NAME = AppIcon;
				ENABLE_STRICT_OBJC_MSGSEND = NO;
				INFOPLIST_FILE = GDFileManager/Info.plist;
				LD_RUNPATH_SEARCH_PATHS = "$(inherited) @executable_path/Frameworks";
				PRODUCT_BUNDLE_IDENTIFIER = PG.GDFileManager;
				PRODUCT_NAME = "$(TARGET_NAME)";
			};
			name = Release;
		};
/* End XCBuildConfiguration section */

/* Begin XCConfigurationList section */
		CFC687131DD2028A003F65A2 /* Build configuration list for PBXProject "GDFileManager" */ = {
			isa = XCConfigurationList;
			buildConfigurations = (
				CFC687461DD2028B003F65A2 /* Debug */,
				CFC687471DD2028B003F65A2 /* Release */,
			);
			defaultConfigurationIsVisible = 0;
			defaultConfigurationName = Release;
		};
		CFC687481DD2028B003F65A2 /* Build configuration list for PBXNativeTarget "GDFileManager" */ = {
			isa = XCConfigurationList;
			buildConfigurations = (
				CFC687491DD2028B003F65A2 /* Debug */,
				CFC6874A1DD2028B003F65A2 /* Release */,
			);
			defaultConfigurationIsVisible = 0;
			defaultConfigurationName = Release;
		};
/* End XCConfigurationList section */

/* Begin XCVersionGroup section */
		CFC687271DD2028B003F65A2 /* GDFileManager.xcdatamodeld */ = {
			isa = XCVersionGroup;
			children = (
				CFC687281DD2028B003F65A2 /* GDFileManager.xcdatamodel */,
			);
			currentVersion = CFC687281DD2028B003F65A2 /* GDFileManager.xcdatamodel */;
			path = GDFileManager.xcdatamodeld;
			sourceTree = "<group>";
			versionGroupType = wrapper.xcdatamodel;
		};
/* End XCVersionGroup section */
	};
	rootObject = CFC687101DD2028A003F65A2 /* Project object */;
}
